// !$*UTF8*$!
{
	archiveVersion = 1;
	classes = {
	};
	objectVersion = 56;
	objects = {

/* Begin PBXFileReference section */
		E100540E2B965557006F056D /* SwiftBasics.playground */ = {isa = PBXFileReference; lastKnownFileType = file.playground; path = SwiftBasics.playground; sourceTree = "<group>"; xcLanguageSpecificationIdentifier = xcode.lang.swift; };
		E100540F2B9658C2006F056D /* BasicTypes.playground */ = {isa = PBXFileReference; lastKnownFileType = file.playground; path = BasicTypes.playground; sourceTree = "<group>"; xcLanguageSpecificationIdentifier = xcode.lang.swift; };
		E10054112B967DE1006F056D /* Variable.playground */ = {isa = PBXFileReference; lastKnownFileType = file.playground; path = Variable.playground; sourceTree = "<group>"; xcLanguageSpecificationIdentifier = xcode.lang.swift; };
		E10054122B9685E9006F056D /* IfStatement.playground */ = {isa = PBXFileReference; lastKnownFileType = file.playground; path = IfStatement.playground; sourceTree = "<group>"; xcLanguageSpecificationIdentifier = xcode.lang.swift; };
		E13A397E2BA69AD70080140A /* ArrayAndSet.playground */ = {isa = PBXFileReference; lastKnownFileType = file.playground; path = ArrayAndSet.playground; sourceTree = "<group>"; xcLanguageSpecificationIdentifier = xcode.lang.swift; };
		E13CCB842B9500EE002273A4 /* sinleton.playground */ = {isa = PBXFileReference; lastKnownFileType = file.playground; path = sinleton.playground; sourceTree = "<group>"; xcLanguageSpecificationIdentifier = xcode.lang.swift; };
		E13CCB852B95056E002273A4 /* Delegation.playground */ = {isa = PBXFileReference; lastKnownFileType = file.playground; path = Delegation.playground; sourceTree = "<group>"; xcLanguageSpecificationIdentifier = xcode.lang.swift; };
		E13CCB862B951012002273A4 /* DependencyInjection.playground */ = {isa = PBXFileReference; lastKnownFileType = file.playground; path = DependencyInjection.playground; sourceTree = "<group>"; xcLanguageSpecificationIdentifier = xcode.lang.swift; };
		E14DAD382B88E671001AF1B9 /* array.playground */ = {isa = PBXFileReference; lastKnownFileType = file.playground; path = array.playground; sourceTree = "<group>"; xcLanguageSpecificationIdentifier = xcode.lang.swift; };
		E14DAD8D2B8A80F1001AF1B9 /* protocol.playground */ = {isa = PBXFileReference; lastKnownFileType = file.playground; path = protocol.playground; sourceTree = "<group>"; xcLanguageSpecificationIdentifier = xcode.lang.swift; };
		E14DAD8E2B8CD6A9001AF1B9 /* temp.playground */ = {isa = PBXFileReference; lastKnownFileType = file.playground; path = temp.playground; sourceTree = "<group>"; xcLanguageSpecificationIdentifier = xcode.lang.swift; };
		E14DAD8F2B8D1C11001AF1B9 /* dictionary.playground */ = {isa = PBXFileReference; lastKnownFileType = file.playground; path = dictionary.playground; sourceTree = "<group>"; xcLanguageSpecificationIdentifier = xcode.lang.swift; };
		E14DAD902B8D23E8001AF1B9 /* string.playground */ = {isa = PBXFileReference; lastKnownFileType = file.playground; path = string.playground; sourceTree = "<group>"; xcLanguageSpecificationIdentifier = xcode.lang.swift; };
		E14DAD912B8D4B50001AF1B9 /* enum.playground */ = {isa = PBXFileReference; lastKnownFileType = file.playground; path = enum.playground; sourceTree = "<group>"; xcLanguageSpecificationIdentifier = xcode.lang.swift; };
		E14DAD922B8D5617001AF1B9 /* ARC&retainCycle.playground */ = {isa = PBXFileReference; lastKnownFileType = file.playground; path = "ARC&retainCycle.playground"; sourceTree = "<group>"; xcLanguageSpecificationIdentifier = xcode.lang.swift; };
		E162AD212B96933A00EC61B3 /* Functions-closure.playground */ = {isa = PBXFileReference; lastKnownFileType = file.playground; path = "Functions-closure.playground"; sourceTree = "<group>"; xcLanguageSpecificationIdentifier = xcode.lang.swift; };
		E162AD222B96D7FF00EC61B3 /* Optionals.playground */ = {isa = PBXFileReference; lastKnownFileType = file.playground; path = Optionals.playground; sourceTree = "<group>"; xcLanguageSpecificationIdentifier = xcode.lang.swift; };
		E1B3F51C2B977FB900436651 /* Tuples.playground */ = {isa = PBXFileReference; lastKnownFileType = file.playground; path = Tuples.playground; sourceTree = "<group>"; xcLanguageSpecificationIdentifier = xcode.lang.swift; };
		E1B3F51D2B978DE700436651 /* ObjectOrientedPrograming.playground */ = {isa = PBXFileReference; lastKnownFileType = file.playground; path = ObjectOrientedPrograming.playground; sourceTree = "<group>"; xcLanguageSpecificationIdentifier = xcode.lang.swift; };
		E1B3F51E2B97CB0000436651 /* Struct.playground */ = {isa = PBXFileReference; lastKnownFileType = file.playground; path = Struct.playground; sourceTree = "<group>"; xcLanguageSpecificationIdentifier = xcode.lang.swift; };
		E1B3F5202B982DF500436651 /* Enum.playground */ = {isa = PBXFileReference; lastKnownFileType = file.playground; path = Enum.playground; sourceTree = "<group>"; xcLanguageSpecificationIdentifier = xcode.lang.swift; };
		E1D4EAB32BA122B700B9373C /* Classes.playground */ = {isa = PBXFileReference; lastKnownFileType = file.playground; path = Classes.playground; sourceTree = "<group>"; xcLanguageSpecificationIdentifier = xcode.lang.swift; };
		E1D4EAB42BA13A5300B9373C /* Access-controll.playground */ = {isa = PBXFileReference; lastKnownFileType = file.playground; path = "Access-controll.playground"; sourceTree = "<group>"; xcLanguageSpecificationIdentifier = xcode.lang.swift; };
/* End PBXFileReference section */

/* Begin PBXGroup section */
		E100540D2B965527006F056D /* SwiftBasics */ = {
			isa = PBXGroup;
			children = (
				E100540E2B965557006F056D /* SwiftBasics.playground */,
				E100540F2B9658C2006F056D /* BasicTypes.playground */,
				E10054112B967DE1006F056D /* Variable.playground */,
				E10054122B9685E9006F056D /* IfStatement.playground */,
				E162AD212B96933A00EC61B3 /* Functions-closure.playground */,
				E162AD222B96D7FF00EC61B3 /* Optionals.playground */,
				E1B3F51C2B977FB900436651 /* Tuples.playground */,
				E1B3F51D2B978DE700436651 /* ObjectOrientedPrograming.playground */,
				E1B3F51E2B97CB0000436651 /* Struct.playground */,
				E1B3F5202B982DF500436651 /* Enum.playground */,
				E1D4EAB32BA122B700B9373C /* Classes.playground */,
				E1D4EAB42BA13A5300B9373C /* Access-controll.playground */,
				E13A397E2BA69AD70080140A /* ArrayAndSet.playground */,
			);
			path = SwiftBasics;
			sourceTree = "<group>";
		};
		E14DAD312B88E655001AF1B9 = {
			isa = PBXGroup;
			children = (
				E100540D2B965527006F056D /* SwiftBasics */,
				E13CCB862B951012002273A4 /* DependencyInjection.playground */,
				E13CCB852B95056E002273A4 /* Delegation.playground */,
				E13CCB842B9500EE002273A4 /* sinleton.playground */,
				E14DAD922B8D5617001AF1B9 /* ARC&retainCycle.playground */,
				E14DAD912B8D4B50001AF1B9 /* enum.playground */,
				E14DAD902B8D23E8001AF1B9 /* string.playground */,
				E14DAD8F2B8D1C11001AF1B9 /* dictionary.playground */,
				E14DAD8E2B8CD6A9001AF1B9 /* temp.playground */,
				E14DAD8D2B8A80F1001AF1B9 /* protocol.playground */,
				E14DAD382B88E671001AF1B9 /* array.playground */,
			);
			sourceTree = "<group>";
		};
/* End PBXGroup section */

/* Begin PBXProject section */
		E14DAD322B88E655001AF1B9 /* Project object */ = {
			isa = PBXProject;
			attributes = {
				BuildIndependentTargetsInParallel = 1;
				LastUpgradeCheck = 1520;
			};
			buildConfigurationList = E14DAD352B88E655001AF1B9 /* Build configuration list for PBXProject "play" */;
			compatibilityVersion = "Xcode 14.0";
			developmentRegion = en;
			hasScannedForEncodings = 0;
			knownRegions = (
				en,
				Base,
			);
			mainGroup = E14DAD312B88E655001AF1B9;
			projectDirPath = "";
			projectRoot = "";
			targets = (
			);
		};
/* End PBXProject section */

/* Begin XCBuildConfiguration section */
		E14DAD362B88E655001AF1B9 /* Debug */ = {
			isa = XCBuildConfiguration;
			buildSettings = {
			};
			name = Debug;
		};
		E14DAD372B88E655001AF1B9 /* Release */ = {
			isa = XCBuildConfiguration;
			buildSettings = {
			};
			name = Release;
		};
/* End XCBuildConfiguration section */

/* Begin XCConfigurationList section */
		E14DAD352B88E655001AF1B9 /* Build configuration list for PBXProject "play" */ = {
			isa = XCConfigurationList;
			buildConfigurations = (
				E14DAD362B88E655001AF1B9 /* Debug */,
				E14DAD372B88E655001AF1B9 /* Release */,
			);
			defaultConfigurationIsVisible = 0;
			defaultConfigurationName = Release;
		};
/* End XCConfigurationList section */
	};
	rootObject = E14DAD322B88E655001AF1B9 /* Project object */;
}
